
Microsoft Visual Studio Solution File, Format Version 12.00
# Visual Studio Version 16
VisualStudioVersion = 16.0.31424.327
MinimumVisualStudioVersion = 10.0.40219.1
Project("{FAE04EC0-301F-11D3-BF4B-00C04F79EFBC}") = "exercice3POO", "exercice3POO\exercice3POO.csproj", "{92F29F6C-96A0-47A4-B00F-49A8BD19FC7B}"
EndProject
Global
	GlobalSection(SolutionConfigurationPlatforms) = preSolution
		Debug|Any CPU = Debug|Any CPU
		Release|Any CPU = Release|Any CPU
	EndGlobalSection
	GlobalSection(ProjectConfigurationPlatforms) = postSolution
		{92F29F6C-96A0-47A4-B00F-49A8BD19FC7B}.Debug|Any CPU.ActiveCfg = Debug|Any CPU
		{92F29F6C-96A0-47A4-B00F-49A8BD19FC7B}.Debug|Any CPU.Build.0 = Debug|Any CPU
		{92F29F6C-96A0-47A4-B00F-49A8BD19FC7B}.Release|Any CPU.ActiveCfg = Release|Any CPU
		{92F29F6C-96A0-47A4-B00F-49A8BD19FC7B}.Release|Any CPU.Build.0 = Release|Any CPU
	EndGlobalSection
	GlobalSection(SolutionProperties) = preSolution
		HideSolutionNode = FALSE
	EndGlobalSection
	GlobalSection(ExtensibilityGlobals) = postSolution
		SolutionGuid = {C3025E5B-31A0-4225-A414-42B5C8C423B6}
	EndGlobalSection
EndGlobal
